
Microsoft Visual Studio Solution File, Format Version 12.00
# Visual Studio 15
VisualStudioVersion = 15.0.28307.539
MinimumVisualStudioVersion = 10.0.40219.1
Project("{8BC9CEB8-8B4A-11D0-8D11-00A0C91BC942}") = "HelloWorld", "HelloWorld\HelloWorld.vcxproj", "{34BF05F6-5636-402E-ABA1-150F56315178}"
EndProject
Global
	GlobalSection(SolutionConfigurationPlatforms) = preSolution
		Debug|x64 = Debug|x64
		Debug|x86 = Debug|x86
		Release|x64 = Release|x64
		Release|x86 = Release|x86
	EndGlobalSection
	GlobalSection(ProjectConfigurationPlatforms) = postSolution
		{34BF05F6-5636-402E-ABA1-150F56315178}.Debug|x64.ActiveCfg = Debug|x64
		{34BF05F6-5636-402E-ABA1-150F56315178}.Debug|x64.Build.0 = Debug|x64
		{34BF05F6-5636-402E-ABA1-150F56315178}.Debug|x86.ActiveCfg = Debug|Win32
		{34BF05F6-5636-402E-ABA1-150F56315178}.Debug|x86.Build.0 = Debug|Win32
		{34BF05F6-5636-402E-ABA1-150F56315178}.Release|x64.ActiveCfg = Release|x64
		{34BF05F6-5636-402E-ABA1-150F56315178}.Release|x64.Build.0 = Release|x64
		{34BF05F6-5636-402E-ABA1-150F56315178}.Release|x86.ActiveCfg = Release|Win32
		{34BF05F6-5636-402E-ABA1-150F56315178}.Release|x86.Build.0 = Release|Win32
	EndGlobalSection
	GlobalSection(SolutionProperties) = preSolution
		HideSolutionNode = FALSE
	EndGlobalSection
	GlobalSection(ExtensibilityGlobals) = postSolution
		SolutionGuid = {2F9B6AED-9B4F-4578-84BE-20DB11D12109}
	EndGlobalSection
EndGlobal
